Microsoft Visual Studio Solution File, Format Version 1.00
Project("{66355F20-A65B-11D0-BFB5-00A0C91EBFA0}") = "wtd", "wtd.vjp", "{A5DEC590-03E3-4782-A720-1B1F2431BC75}"
EndProject
Global
	GlobalSection(LocalDeployment) = postSolution
		StartupProject = {A5DEC590-03E3-4782-A720-1B1F2431BC75}
	EndGlobalSection
	GlobalSection(BuildOrder) = postSolution
		0 = {A5DEC590-03E3-4782-A720-1B1F2431BC75}
	EndGlobalSection
	GlobalSection(DeploymentRoot) = postSolution
	EndGlobalSection
EndGlobal
